{
  "name": "inclusive-test",
  "version": "1.0.0",
  "lockfileVersion": 1,
  "requires": true,
  "dependencies": {
    "rxjs": {
      "version": "6.2.1",
      "resolved": "https://registry.npmjs.org/rxjs/-/rxjs-6.2.1.tgz",
      "integrity": "sha512-OwMxHxmnmHTUpgO+V7dZChf3Tixf4ih95cmXjzzadULziVl/FKhHScGLj4goEw9weePVOH2Q0+GcCBUhKCZc/g==",
      "requires": {
        "tslib": "^1.9.0"
      }
    },
    "rxjs-take-while-inclusive": {
      "version": "2.0.1",
      "resolved": "https://registry.npmjs.org/rxjs-take-while-inclusive/-/rxjs-take-while-inclusive-2.0.1.tgz",
      "integrity": "sha512-V5dKqnlve1ifBT8VgmuQGThzX99tWba+A/6npdZqHilyLrDRT6a2fNLQvmYFOdVWiN7u1XapUFu8/IF12x90SA==",
      "requires": {
        "rxjs": "^6.0.0"
      }
    },
    "tslib": {
      "version": "1.9.3",
      "resolved": "https://registry.npmjs.org/tslib/-/tslib-1.9.3.tgz",
      "integrity": "sha512-4krF8scpejhaOgqzBEcGM7yDIEfi0/8+8zDRZhNZZ2kjmHJ4hv3zCbQWxoJGz1iw5U0Jl0nma13xzHXcncMavQ=="
    }
  }
}
